// !$*UTF8*$!
{
	archiveVersion = 1;
	classes = {
	};
	objectVersion = 55;
	objects = {

/* Begin PBXBuildFile section */
		480D0C152849F8E5009A70CF /* CoreDataRelationshipBootcamp.swift in Sources */ = {isa = PBXBuildFile; fileRef = 480D0C142849F8E4009A70CF /* CoreDataRelationshipBootcamp.swift */; };
		480D0C182849FA72009A70CF /* CoreDataContainer.xcdatamodeld in Sources */ = {isa = PBXBuildFile; fileRef = 480D0C162849FA72009A70CF /* CoreDataContainer.xcdatamodeld */; };
		48129AB428487C0800C941B9 /* MagnificationGestureBootcamp.swift in Sources */ = {isa = PBXBuildFile; fileRef = 48129AB328487C0800C941B9 /* MagnificationGestureBootcamp.swift */; };
		48129AB62848960C00C941B9 /* RotationGestureBootcamp.swift in Sources */ = {isa = PBXBuildFile; fileRef = 48129AB52848960C00C941B9 /* RotationGestureBootcamp.swift */; };
		48129AB82848990400C941B9 /* DragGestureBootcamp.swift in Sources */ = {isa = PBXBuildFile; fileRef = 48129AB72848990400C941B9 /* DragGestureBootcamp.swift */; };
		48129ABC28489F7900C941B9 /* DragGestureBootcampII.swift in Sources */ = {isa = PBXBuildFile; fileRef = 48129ABB28489F7900C941B9 /* DragGestureBootcampII.swift */; };
		48129AD82848A74E00C941B9 /* ScrollViewReaderBootcamp.swift in Sources */ = {isa = PBXBuildFile; fileRef = 48129AD72848A74E00C941B9 /* ScrollViewReaderBootcamp.swift */; };
		48129ADA2848AE5E00C941B9 /* GeometryReaderBootcamp.swift in Sources */ = {isa = PBXBuildFile; fileRef = 48129AD92848AE5E00C941B9 /* GeometryReaderBootcamp.swift */; };
		48129ADC2848C34100C941B9 /* MultipleSheetsBootcamp.swift in Sources */ = {isa = PBXBuildFile; fileRef = 48129ADB2848C34100C941B9 /* MultipleSheetsBootcamp.swift */; };
		48129ADE2848CDBE00C941B9 /* MaskBootcamp.swift in Sources */ = {isa = PBXBuildFile; fileRef = 48129ADD2848CDBE00C941B9 /* MaskBootcamp.swift */; };
		48129AE02848D36A00C941B9 /* SoundsBootcamp.swift in Sources */ = {isa = PBXBuildFile; fileRef = 48129ADF2848D36A00C941B9 /* SoundsBootcamp.swift */; };
		48129AE42848D69600C941B9 /* tada.mp3 in Resources */ = {isa = PBXBuildFile; fileRef = 48129AE22848D69500C941B9 /* tada.mp3 */; };
		48129AE52848D69600C941B9 /* badum.mp3 in Resources */ = {isa = PBXBuildFile; fileRef = 48129AE32848D69500C941B9 /* badum.mp3 */; };
		48129AE72848D8B200C941B9 /* HapticBootcamp.swift in Sources */ = {isa = PBXBuildFile; fileRef = 48129AE62848D8B200C941B9 /* HapticBootcamp.swift */; };
		48129AE92848DD1400C941B9 /* HashableBootcamp.swift in Sources */ = {isa = PBXBuildFile; fileRef = 48129AE82848DD1400C941B9 /* HashableBootcamp.swift */; };
		48824341284F0B03002076D7 /* FileManagerBootcamp.swift in Sources */ = {isa = PBXBuildFile; fileRef = 48824340284F0B03002076D7 /* FileManagerBootcamp.swift */; };
		48824345284F2EFC002076D7 /* CacheBootcamp.swift in Sources */ = {isa = PBXBuildFile; fileRef = 48824344284F2EFC002076D7 /* CacheBootcamp.swift */; };
		4894CEED2849BBB100783D92 /* ArrayIsBootcamp.swift in Sources */ = {isa = PBXBuildFile; fileRef = 4894CEEC2849BBB100783D92 /* ArrayIsBootcamp.swift */; };
		48B4A5B72849EBBA0037FED6 /* CoreDataBootcamp.swift in Sources */ = {isa = PBXBuildFile; fileRef = 48B4A5B62849EBBA0037FED6 /* CoreDataBootcamp.swift */; };
		48B4A5BA2849ED0A0037FED6 /* FruitsContainer.xcdatamodeld in Sources */ = {isa = PBXBuildFile; fileRef = 48B4A5B82849ED0A0037FED6 /* FruitsContainer.xcdatamodeld */; };
		48B68F822848726700D4FF22 /* ContinuedLearningApp.swift in Sources */ = {isa = PBXBuildFile; fileRef = 48B68F812848726700D4FF22 /* ContinuedLearningApp.swift */; };
		48B68F842848726700D4FF22 /* ContentView.swift in Sources */ = {isa = PBXBuildFile; fileRef = 48B68F832848726700D4FF22 /* ContentView.swift */; };
		48B68F862848726A00D4FF22 /* Assets.xcassets in Resources */ = {isa = PBXBuildFile; fileRef = 48B68F852848726A00D4FF22 /* Assets.xcassets */; };
		48B68F892848726A00D4FF22 /* Preview Assets.xcassets in Resources */ = {isa = PBXBuildFile; fileRef = 48B68F882848726A00D4FF22 /* Preview Assets.xcassets */; };
		48B68F90284872CC00D4FF22 /* LongPressGestureBootcamp.swift in Sources */ = {isa = PBXBuildFile; fileRef = 48B68F8F284872CC00D4FF22 /* LongPressGestureBootcamp.swift */; };
		48C1B9EB284DB11D001E6330 /* TypealiasBootcamp.swift in Sources */ = {isa = PBXBuildFile; fileRef = 48C1B9EA284DB11D001E6330 /* TypealiasBootcamp.swift */; };
		48C1B9ED284DB3D1001E6330 /* EscapingClosureBootcamp.swift in Sources */ = {isa = PBXBuildFile; fileRef = 48C1B9EC284DB3D1001E6330 /* EscapingClosureBootcamp.swift */; };
		48C1B9EF284DBEBC001E6330 /* CodableBootcamp.swift in Sources */ = {isa = PBXBuildFile; fileRef = 48C1B9EE284DBEBC001E6330 /* CodableBootcamp.swift */; };
		48C1B9F1284DDCDD001E6330 /* DownloadWithEscapingBootcamp.swift in Sources */ = {isa = PBXBuildFile; fileRef = 48C1B9F0284DDCDD001E6330 /* DownloadWithEscapingBootcamp.swift */; };
		48C1B9F3284DEFC6001E6330 /* DownloadWithCombineBootcamp.swift in Sources */ = {isa = PBXBuildFile; fileRef = 48C1B9F2284DEFC6001E6330 /* DownloadWithCombineBootcamp.swift */; };
		48C1B9F5284E07A6001E6330 /* TimerBootcamp.swift in Sources */ = {isa = PBXBuildFile; fileRef = 48C1B9F4284E07A6001E6330 /* TimerBootcamp.swift */; };
		48C1B9F7284E1F08001E6330 /* SubscriberBootcamp.swift in Sources */ = {isa = PBXBuildFile; fileRef = 48C1B9F6284E1F08001E6330 /* SubscriberBootcamp.swift */; };
		48DCCACE284A22F2000BD71D /* BackgroundThreadBootcamp.swift in Sources */ = {isa = PBXBuildFile; fileRef = 48DCCACD284A22F2000BD71D /* BackgroundThreadBootcamp.swift */; };
		48DCCAD0284A2C07000BD71D /* WeakSelfBootcamp.swift in Sources */ = {isa = PBXBuildFile; fileRef = 48DCCACF284A2C07000BD71D /* WeakSelfBootcamp.swift */; };
/* End PBXBuildFile section */

/* Begin PBXFileReference section */
		480D0C142849F8E4009A70CF /* CoreDataRelationshipBootcamp.swift */ = {isa = PBXFileReference; lastKnownFileType = sourcecode.swift; path = CoreDataRelationshipBootcamp.swift; sourceTree = "<group>"; };
		480D0C172849FA72009A70CF /* CoreDataContainer.xcdatamodel */ = {isa = PBXFileReference; lastKnownFileType = wrapper.xcdatamodel; path = CoreDataContainer.xcdatamodel; sourceTree = "<group>"; };
		48129AB328487C0800C941B9 /* MagnificationGestureBootcamp.swift */ = {isa = PBXFileReference; lastKnownFileType = sourcecode.swift; path = MagnificationGestureBootcamp.swift; sourceTree = "<group>"; };
		48129AB52848960C00C941B9 /* RotationGestureBootcamp.swift */ = {isa = PBXFileReference; lastKnownFileType = sourcecode.swift; path = RotationGestureBootcamp.swift; sourceTree = "<group>"; };
		48129AB72848990400C941B9 /* DragGestureBootcamp.swift */ = {isa = PBXFileReference; lastKnownFileType = sourcecode.swift; path = DragGestureBootcamp.swift; sourceTree = "<group>"; };
		48129ABB28489F7900C941B9 /* DragGestureBootcampII.swift */ = {isa = PBXFileReference; lastKnownFileType = sourcecode.swift; path = DragGestureBootcampII.swift; sourceTree = "<group>"; };
		48129AD72848A74E00C941B9 /* ScrollViewReaderBootcamp.swift */ = {isa = PBXFileReference; lastKnownFileType = sourcecode.swift; path = ScrollViewReaderBootcamp.swift; sourceTree = "<group>"; };
		48129AD92848AE5E00C941B9 /* GeometryReaderBootcamp.swift */ = {isa = PBXFileReference; lastKnownFileType = sourcecode.swift; path = GeometryReaderBootcamp.swift; sourceTree = "<group>"; };
		48129ADB2848C34100C941B9 /* MultipleSheetsBootcamp.swift */ = {isa = PBXFileReference; lastKnownFileType = sourcecode.swift; path = MultipleSheetsBootcamp.swift; sourceTree = "<group>"; };
		48129ADD2848CDBE00C941B9 /* MaskBootcamp.swift */ = {isa = PBXFileReference; lastKnownFileType = sourcecode.swift; path = MaskBootcamp.swift; sourceTree = "<group>"; };
		48129ADF2848D36A00C941B9 /* SoundsBootcamp.swift */ = {isa = PBXFileReference; lastKnownFileType = sourcecode.swift; path = SoundsBootcamp.swift; sourceTree = "<group>"; };
		48129AE22848D69500C941B9 /* tada.mp3 */ = {isa = PBXFileReference; lastKnownFileType = audio.mp3; path = tada.mp3; sourceTree = "<group>"; };
		48129AE32848D69500C941B9 /* badum.mp3 */ = {isa = PBXFileReference; lastKnownFileType = audio.mp3; path = badum.mp3; sourceTree = "<group>"; };
		48129AE62848D8B200C941B9 /* HapticBootcamp.swift */ = {isa = PBXFileReference; lastKnownFileType = sourcecode.swift; path = HapticBootcamp.swift; sourceTree = "<group>"; };
		48129AE82848DD1400C941B9 /* HashableBootcamp.swift */ = {isa = PBXFileReference; lastKnownFileType = sourcecode.swift; path = HashableBootcamp.swift; sourceTree = "<group>"; };
		48824340284F0B03002076D7 /* FileManagerBootcamp.swift */ = {isa = PBXFileReference; lastKnownFileType = sourcecode.swift; path = FileManagerBootcamp.swift; sourceTree = "<group>"; };
		48824344284F2EFC002076D7 /* CacheBootcamp.swift */ = {isa = PBXFileReference; lastKnownFileType = sourcecode.swift; path = CacheBootcamp.swift; sourceTree = "<group>"; };
		4894CEEC2849BBB100783D92 /* ArrayIsBootcamp.swift */ = {isa = PBXFileReference; lastKnownFileType = sourcecode.swift; path = ArrayIsBootcamp.swift; sourceTree = "<group>"; };
		48B4A5B62849EBBA0037FED6 /* CoreDataBootcamp.swift */ = {isa = PBXFileReference; lastKnownFileType = sourcecode.swift; path = CoreDataBootcamp.swift; sourceTree = "<group>"; };
		48B4A5B92849ED0A0037FED6 /* FruitsContainer.xcdatamodel */ = {isa = PBXFileReference; lastKnownFileType = wrapper.xcdatamodel; path = FruitsContainer.xcdatamodel; sourceTree = "<group>"; };
		48B68F7E2848726700D4FF22 /* ContinuedLearning.app */ = {isa = PBXFileReference; explicitFileType = wrapper.application; includeInIndex = 0; path = ContinuedLearning.app; sourceTree = BUILT_PRODUCTS_DIR; };
		48B68F812848726700D4FF22 /* ContinuedLearningApp.swift */ = {isa = PBXFileReference; lastKnownFileType = sourcecode.swift; path = ContinuedLearningApp.swift; sourceTree = "<group>"; };
		48B68F832848726700D4FF22 /* ContentView.swift */ = {isa = PBXFileReference; lastKnownFileType = sourcecode.swift; path = ContentView.swift; sourceTree = "<group>"; };
		48B68F852848726A00D4FF22 /* Assets.xcassets */ = {isa = PBXFileReference; lastKnownFileType = folder.assetcatalog; path = Assets.xcassets; sourceTree = "<group>"; };
		48B68F882848726A00D4FF22 /* Preview Assets.xcassets */ = {isa = PBXFileReference; lastKnownFileType = folder.assetcatalog; path = "Preview Assets.xcassets"; sourceTree = "<group>"; };
		48B68F8F284872CC00D4FF22 /* LongPressGestureBootcamp.swift */ = {isa = PBXFileReference; lastKnownFileType = sourcecode.swift; path = LongPressGestureBootcamp.swift; sourceTree = "<group>"; };
		48C1B9EA284DB11D001E6330 /* TypealiasBootcamp.swift */ = {isa = PBXFileReference; lastKnownFileType = sourcecode.swift; path = TypealiasBootcamp.swift; sourceTree = "<group>"; };
		48C1B9EC284DB3D1001E6330 /* EscapingClosureBootcamp.swift */ = {isa = PBXFileReference; lastKnownFileType = sourcecode.swift; path = EscapingClosureBootcamp.swift; sourceTree = "<group>"; };
		48C1B9EE284DBEBC001E6330 /* CodableBootcamp.swift */ = {isa = PBXFileReference; lastKnownFileType = sourcecode.swift; path = CodableBootcamp.swift; sourceTree = "<group>"; };
		48C1B9F0284DDCDD001E6330 /* DownloadWithEscapingBootcamp.swift */ = {isa = PBXFileReference; lastKnownFileType = sourcecode.swift; path = DownloadWithEscapingBootcamp.swift; sourceTree = "<group>"; };
		48C1B9F2284DEFC6001E6330 /* DownloadWithCombineBootcamp.swift */ = {isa = PBXFileReference; lastKnownFileType = sourcecode.swift; path = DownloadWithCombineBootcamp.swift; sourceTree = "<group>"; };
		48C1B9F4284E07A6001E6330 /* TimerBootcamp.swift */ = {isa = PBXFileReference; lastKnownFileType = sourcecode.swift; path = TimerBootcamp.swift; sourceTree = "<group>"; };
		48C1B9F6284E1F08001E6330 /* SubscriberBootcamp.swift */ = {isa = PBXFileReference; lastKnownFileType = sourcecode.swift; path = SubscriberBootcamp.swift; sourceTree = "<group>"; };
		48DCCACD284A22F2000BD71D /* BackgroundThreadBootcamp.swift */ = {isa = PBXFileReference; lastKnownFileType = sourcecode.swift; path = BackgroundThreadBootcamp.swift; sourceTree = "<group>"; };
		48DCCACF284A2C07000BD71D /* WeakSelfBootcamp.swift */ = {isa = PBXFileReference; lastKnownFileType = sourcecode.swift; path = WeakSelfBootcamp.swift; sourceTree = "<group>"; };
/* End PBXFileReference section */

/* Begin PBXFrameworksBuildPhase section */
		48B68F7B2848726700D4FF22 /* Frameworks */ = {
			isa = PBXFrameworksBuildPhase;
			buildActionMask = 2147483647;
			files = (
			);
			runOnlyForDeploymentPostprocessing = 0;
		};
/* End PBXFrameworksBuildPhase section */

/* Begin PBXGroup section */
		48129AE12848D67A00C941B9 /* sounds */ = {
			isa = PBXGroup;
			children = (
				48129AE32848D69500C941B9 /* badum.mp3 */,
				48129AE22848D69500C941B9 /* tada.mp3 */,
			);
			path = sounds;
			sourceTree = "<group>";
		};
		48B68F752848726700D4FF22 = {
			isa = PBXGroup;
			children = (
				48B68F802848726700D4FF22 /* ContinuedLearning */,
				48B68F7F2848726700D4FF22 /* Products */,
			);
			sourceTree = "<group>";
		};
		48B68F7F2848726700D4FF22 /* Products */ = {
			isa = PBXGroup;
			children = (
				48B68F7E2848726700D4FF22 /* ContinuedLearning.app */,
			);
			name = Products;
			sourceTree = "<group>";
		};
		48B68F802848726700D4FF22 /* ContinuedLearning */ = {
			isa = PBXGroup;
			children = (
				48129AE12848D67A00C941B9 /* sounds */,
				48B68F812848726700D4FF22 /* ContinuedLearningApp.swift */,
				48B68F832848726700D4FF22 /* ContentView.swift */,
				48B68F852848726A00D4FF22 /* Assets.xcassets */,
				48B68F872848726A00D4FF22 /* Preview Content */,
				48B68F8F284872CC00D4FF22 /* LongPressGestureBootcamp.swift */,
				48129AB328487C0800C941B9 /* MagnificationGestureBootcamp.swift */,
				48129AD72848A74E00C941B9 /* ScrollViewReaderBootcamp.swift */,
				48129AD92848AE5E00C941B9 /* GeometryReaderBootcamp.swift */,
				48129ADB2848C34100C941B9 /* MultipleSheetsBootcamp.swift */,
				48129ADD2848CDBE00C941B9 /* MaskBootcamp.swift */,
				48129ADF2848D36A00C941B9 /* SoundsBootcamp.swift */,
				48129AE62848D8B200C941B9 /* HapticBootcamp.swift */,
				48129AE82848DD1400C941B9 /* HashableBootcamp.swift */,
				4894CEEC2849BBB100783D92 /* ArrayIsBootcamp.swift */,
				48B4A5B62849EBBA0037FED6 /* CoreDataBootcamp.swift */,
				480D0C142849F8E4009A70CF /* CoreDataRelationshipBootcamp.swift */,
				48DCCACD284A22F2000BD71D /* BackgroundThreadBootcamp.swift */,
				48DCCACF284A2C07000BD71D /* WeakSelfBootcamp.swift */,
				48C1B9EA284DB11D001E6330 /* TypealiasBootcamp.swift */,
				48C1B9EC284DB3D1001E6330 /* EscapingClosureBootcamp.swift */,
				48C1B9EE284DBEBC001E6330 /* CodableBootcamp.swift */,
				48C1B9F0284DDCDD001E6330 /* DownloadWithEscapingBootcamp.swift */,
				48C1B9F2284DEFC6001E6330 /* DownloadWithCombineBootcamp.swift */,
				48C1B9F4284E07A6001E6330 /* TimerBootcamp.swift */,
				48C1B9F6284E1F08001E6330 /* SubscriberBootcamp.swift */,
				48824340284F0B03002076D7 /* FileManagerBootcamp.swift */,
				48824344284F2EFC002076D7 /* CacheBootcamp.swift */,
				480D0C162849FA72009A70CF /* CoreDataContainer.xcdatamodeld */,
				48B4A5B82849ED0A0037FED6 /* FruitsContainer.xcdatamodeld */,
				48129AB52848960C00C941B9 /* RotationGestureBootcamp.swift */,
				48129AB72848990400C941B9 /* DragGestureBootcamp.swift */,
				48129ABB28489F7900C941B9 /* DragGestureBootcampII.swift */,
			);
			path = ContinuedLearning;
			sourceTree = "<group>";
		};
		48B68F872848726A00D4FF22 /* Preview Content */ = {
			isa = PBXGroup;
			children = (
				48B68F882848726A00D4FF22 /* Preview Assets.xcassets */,
			);
			path = "Preview Content";
			sourceTree = "<group>";
		};
/* End PBXGroup section */

/* Begin PBXNativeTarget section */
		48B68F7D2848726700D4FF22 /* ContinuedLearning */ = {
			isa = PBXNativeTarget;
			buildConfigurationList = 48B68F8C2848726A00D4FF22 /* Build configuration list for PBXNativeTarget "ContinuedLearning" */;
			buildPhases = (
				48B68F7A2848726700D4FF22 /* Sources */,
				48B68F7B2848726700D4FF22 /* Frameworks */,
				48B68F7C2848726700D4FF22 /* Resources */,
			);
			buildRules = (
			);
			dependencies = (
			);
			name = ContinuedLearning;
			productName = ContinuedLearning;
			productReference = 48B68F7E2848726700D4FF22 /* ContinuedLearning.app */;
			productType = "com.apple.product-type.application";
		};
/* End PBXNativeTarget section */

/* Begin PBXProject section */
		48B68F762848726700D4FF22 /* Project object */ = {
			isa = PBXProject;
			attributes = {
				BuildIndependentTargetsInParallel = 1;
				LastSwiftUpdateCheck = 1330;
				LastUpgradeCheck = 1330;
				TargetAttributes = {
					48B68F7D2848726700D4FF22 = {
						CreatedOnToolsVersion = 13.3;
					};
				};
			};
			buildConfigurationList = 48B68F792848726700D4FF22 /* Build configuration list for PBXProject "ContinuedLearning" */;
			compatibilityVersion = "Xcode 13.0";
			developmentRegion = en;
			hasScannedForEncodings = 0;
			knownRegions = (
				en,
				Base,
			);
			mainGroup = 48B68F752848726700D4FF22;
			productRefGroup = 48B68F7F2848726700D4FF22 /* Products */;
			projectDirPath = "";
			projectRoot = "";
			targets = (
				48B68F7D2848726700D4FF22 /* ContinuedLearning */,
			);
		};
/* End PBXProject section */

/* Begin PBXResourcesBuildPhase section */
		48B68F7C2848726700D4FF22 /* Resources */ = {
			isa = PBXResourcesBuildPhase;
			buildActionMask = 2147483647;
			files = (
				48B68F892848726A00D4FF22 /* Preview Assets.xcassets in Resources */,
				48129AE42848D69600C941B9 /* tada.mp3 in Resources */,
				48B68F862848726A00D4FF22 /* Assets.xcassets in Resources */,
				48129AE52848D69600C941B9 /* badum.mp3 in Resources */,
			);
			runOnlyForDeploymentPostprocessing = 0;
		};
/* End PBXResourcesBuildPhase section */

/* Begin PBXSourcesBuildPhase section */
		48B68F7A2848726700D4FF22 /* Sources */ = {
			isa = PBXSourcesBuildPhase;
			buildActionMask = 2147483647;
			files = (
				48129AE02848D36A00C941B9 /* SoundsBootcamp.swift in Sources */,
				48129AB82848990400C941B9 /* DragGestureBootcamp.swift in Sources */,
				48824341284F0B03002076D7 /* FileManagerBootcamp.swift in Sources */,
				48824345284F2EFC002076D7 /* CacheBootcamp.swift in Sources */,
				48B4A5BA2849ED0A0037FED6 /* FruitsContainer.xcdatamodeld in Sources */,
				48C1B9F1284DDCDD001E6330 /* DownloadWithEscapingBootcamp.swift in Sources */,
				48129ADE2848CDBE00C941B9 /* MaskBootcamp.swift in Sources */,
				48129ABC28489F7900C941B9 /* DragGestureBootcampII.swift in Sources */,
				48C1B9F3284DEFC6001E6330 /* DownloadWithCombineBootcamp.swift in Sources */,
				48B68F842848726700D4FF22 /* ContentView.swift in Sources */,
				4894CEED2849BBB100783D92 /* ArrayIsBootcamp.swift in Sources */,
				48129AD82848A74E00C941B9 /* ScrollViewReaderBootcamp.swift in Sources */,
				48129AE92848DD1400C941B9 /* HashableBootcamp.swift in Sources */,
				48C1B9EB284DB11D001E6330 /* TypealiasBootcamp.swift in Sources */,
				48129AE72848D8B200C941B9 /* HapticBootcamp.swift in Sources */,
				48B4A5B72849EBBA0037FED6 /* CoreDataBootcamp.swift in Sources */,
				48129ADC2848C34100C941B9 /* MultipleSheetsBootcamp.swift in Sources */,
				48C1B9ED284DB3D1001E6330 /* EscapingClosureBootcamp.swift in Sources */,
				48C1B9F7284E1F08001E6330 /* SubscriberBootcamp.swift in Sources */,
				48DCCAD0284A2C07000BD71D /* WeakSelfBootcamp.swift in Sources */,
				48B68F822848726700D4FF22 /* ContinuedLearningApp.swift in Sources */,
				480D0C182849FA72009A70CF /* CoreDataContainer.xcdatamodeld in Sources */,
				48DCCACE284A22F2000BD71D /* BackgroundThreadBootcamp.swift in Sources */,
				480D0C152849F8E5009A70CF /* CoreDataRelationshipBootcamp.swift in Sources */,
				48129AB428487C0800C941B9 /* MagnificationGestureBootcamp.swift in Sources */,
				48129ADA2848AE5E00C941B9 /* GeometryReaderBootcamp.swift in Sources */,
				48B68F90284872CC00D4FF22 /* LongPressGestureBootcamp.swift in Sources */,
				48129AB62848960C00C941B9 /* RotationGestureBootcamp.swift in Sources */,
				48C1B9EF284DBEBC001E6330 /* CodableBootcamp.swift in Sources */,
				48C1B9F5284E07A6001E6330 /* TimerBootcamp.swift in Sources */,
			);
			runOnlyForDeploymentPostprocessing = 0;
		};
/* End PBXSourcesBuildPhase section */

/* Begin XCBuildConfiguration section */
		48B68F8A2848726A00D4FF22 /* Debug */ = {
			isa = XCBuildConfiguration;
			buildSettings = {
				ALWAYS_SEARCH_USER_PATHS = NO;
				CLANG_ANALYZER_NONNULL = YES;
				CLANG_ANALYZER_NUMBER_OBJECT_CONVERSION = YES_AGGRESSIVE;
				CLANG_CXX_LANGUAGE_STANDARD = "gnu++17";
				CLANG_ENABLE_MODULES = YES;
				CLANG_ENABLE_OBJC_ARC = YES;
				CLANG_ENABLE_OBJC_WEAK = YES;
				CLANG_WARN_BLOCK_CAPTURE_AUTORELEASING = YES;
				CLANG_WARN_BOOL_CONVERSION = YES;
				CLANG_WARN_COMMA = YES;
				CLANG_WARN_CONSTANT_CONVERSION = YES;
				CLANG_WARN_DEPRECATED_OBJC_IMPLEMENTATIONS = YES;
				CLANG_WARN_DIRECT_OBJC_ISA_USAGE = YES_ERROR;
				CLANG_WARN_DOCUMENTATION_COMMENTS = YES;
				CLANG_WARN_EMPTY_BODY = YES;
				CLANG_WARN_ENUM_CONVERSION = YES;
				CLANG_WARN_INFINITE_RECURSION = YES;
				CLANG_WARN_INT_CONVERSION = YES;
				CLANG_WARN_NON_LITERAL_NULL_CONVERSION = YES;
				CLANG_WARN_OBJC_IMPLICIT_RETAIN_SELF = YES;
				CLANG_WARN_OBJC_LITERAL_CONVERSION = YES;
				CLANG_WARN_OBJC_ROOT_CLASS = YES_ERROR;
				CLANG_WARN_QUOTED_INCLUDE_IN_FRAMEWORK_HEADER = YES;
				CLANG_WARN_RANGE_LOOP_ANALYSIS = YES;
				CLANG_WARN_STRICT_PROTOTYPES = YES;
				CLANG_WARN_SUSPICIOUS_MOVE = YES;
				CLANG_WARN_UNGUARDED_AVAILABILITY = YES_AGGRESSIVE;
				CLANG_WARN_UNREACHABLE_CODE = YES;
				CLANG_WARN__DUPLICATE_METHOD_MATCH = YES;
				COPY_PHASE_STRIP = NO;
				DEBUG_INFORMATION_FORMAT = dwarf;
				ENABLE_STRICT_OBJC_MSGSEND = YES;
				ENABLE_TESTABILITY = YES;
				GCC_C_LANGUAGE_STANDARD = gnu11;
				GCC_DYNAMIC_NO_PIC = NO;
				GCC_NO_COMMON_BLOCKS = YES;
				GCC_OPTIMIZATION_LEVEL = 0;
				GCC_PREPROCESSOR_DEFINITIONS = (
					"DEBUG=1",
					"$(inherited)",
				);
				GCC_WARN_64_TO_32_BIT_CONVERSION = YES;
				GCC_WARN_ABOUT_RETURN_TYPE = YES_ERROR;
				GCC_WARN_UNDECLARED_SELECTOR = YES;
				GCC_WARN_UNINITIALIZED_AUTOS = YES_AGGRESSIVE;
				GCC_WARN_UNUSED_FUNCTION = YES;
				GCC_WARN_UNUSED_VARIABLE = YES;
				IPHONEOS_DEPLOYMENT_TARGET = 15.4;
				MTL_ENABLE_DEBUG_INFO = INCLUDE_SOURCE;
				MTL_FAST_MATH = YES;
				ONLY_ACTIVE_ARCH = YES;
				SDKROOT = iphoneos;
				SWIFT_ACTIVE_COMPILATION_CONDITIONS = DEBUG;
				SWIFT_OPTIMIZATION_LEVEL = "-Onone";
			};
			name = Debug;
		};
		48B68F8B2848726A00D4FF22 /* Release */ = {
			isa = XCBuildConfiguration;
			buildSettings = {
				ALWAYS_SEARCH_USER_PATHS = NO;
				CLANG_ANALYZER_NONNULL = YES;
				CLANG_ANALYZER_NUMBER_OBJECT_CONVERSION = YES_AGGRESSIVE;
				CLANG_CXX_LANGUAGE_STANDARD = "gnu++17";
				CLANG_ENABLE_MODULES = YES;
				CLANG_ENABLE_OBJC_ARC = YES;
				CLANG_ENABLE_OBJC_WEAK = YES;
				CLANG_WARN_BLOCK_CAPTURE_AUTORELEASING = YES;
				CLANG_WARN_BOOL_CONVERSION = YES;
				CLANG_WARN_COMMA = YES;
				CLANG_WARN_CONSTANT_CONVERSION = YES;
				CLANG_WARN_DEPRECATED_OBJC_IMPLEMENTATIONS = YES;
				CLANG_WARN_DIRECT_OBJC_ISA_USAGE = YES_ERROR;
				CLANG_WARN_DOCUMENTATION_COMMENTS = YES;
				CLANG_WARN_EMPTY_BODY = YES;
				CLANG_WARN_ENUM_CONVERSION = YES;
				CLANG_WARN_INFINITE_RECURSION = YES;
				CLANG_WARN_INT_CONVERSION = YES;
				CLANG_WARN_NON_LITERAL_NULL_CONVERSION = YES;
				CLANG_WARN_OBJC_IMPLICIT_RETAIN_SELF = YES;
				CLANG_WARN_OBJC_LITERAL_CONVERSION = YES;
				CLANG_WARN_OBJC_ROOT_CLASS = YES_ERROR;
				CLANG_WARN_QUOTED_INCLUDE_IN_FRAMEWORK_HEADER = YES;
				CLANG_WARN_RANGE_LOOP_ANALYSIS = YES;
				CLANG_WARN_STRICT_PROTOTYPES = YES;
				CLANG_WARN_SUSPICIOUS_MOVE = YES;
				CLANG_WARN_UNGUARDED_AVAILABILITY = YES_AGGRESSIVE;
				CLANG_WARN_UNREACHABLE_CODE = YES;
				CLANG_WARN__DUPLICATE_METHOD_MATCH = YES;
				COPY_PHASE_STRIP = NO;
				DEBUG_INFORMATION_FORMAT = "dwarf-with-dsym";
				ENABLE_NS_ASSERTIONS = NO;
				ENABLE_STRICT_OBJC_MSGSEND = YES;
				GCC_C_LANGUAGE_STANDARD = gnu11;
				GCC_NO_COMMON_BLOCKS = YES;
				GCC_WARN_64_TO_32_BIT_CONVERSION = YES;
				GCC_WARN_ABOUT_RETURN_TYPE = YES_ERROR;
				GCC_WARN_UNDECLARED_SELECTOR = YES;
				GCC_WARN_UNINITIALIZED_AUTOS = YES_AGGRESSIVE;
				GCC_WARN_UNUSED_FUNCTION = YES;
				GCC_WARN_UNUSED_VARIABLE = YES;
				IPHONEOS_DEPLOYMENT_TARGET = 15.4;
				MTL_ENABLE_DEBUG_INFO = NO;
				MTL_FAST_MATH = YES;
				SDKROOT = iphoneos;
				SWIFT_COMPILATION_MODE = wholemodule;
				SWIFT_OPTIMIZATION_LEVEL = "-O";
				VALIDATE_PRODUCT = YES;
			};
			name = Release;
		};
		48B68F8D2848726A00D4FF22 /* Debug */ = {
			isa = XCBuildConfiguration;
			buildSettings = {
				ASSETCATALOG_COMPILER_APPICON_NAME = AppIcon;
				ASSETCATALOG_COMPILER_GLOBAL_ACCENT_COLOR_NAME = AccentColor;
				CODE_SIGN_STYLE = Automatic;
				CURRENT_PROJECT_VERSION = 1;
				DEVELOPMENT_ASSET_PATHS = "\"ContinuedLearning/Preview Content\"";
				DEVELOPMENT_TEAM = P7YG254GA3;
				ENABLE_PREVIEWS = YES;
				GENERATE_INFOPLIST_FILE = YES;
				INFOPLIST_KEY_UIApplicationSceneManifest_Generation = YES;
				INFOPLIST_KEY_UIApplicationSupportsIndirectInputEvents = YES;
				INFOPLIST_KEY_UILaunchScreen_Generation = YES;
				INFOPLIST_KEY_UISupportedInterfaceOrientations_iPad = "UIInterfaceOrientationPortrait UIInterfaceOrientationPortraitUpsideDown UIInterfaceOrientationLandscapeLeft UIInterfaceOrientationLandscapeRight";
				INFOPLIST_KEY_UISupportedInterfaceOrientations_iPhone = "UIInterfaceOrientationPortrait UIInterfaceOrientationLandscapeLeft UIInterfaceOrientationLandscapeRight";
				LD_RUNPATH_SEARCH_PATHS = (
					"$(inherited)",
					"@executable_path/Frameworks",
				);
				MARKETING_VERSION = 1.0;
				PRODUCT_BUNDLE_IDENTIFIER = com.karma.ContinuedLearning;
				PRODUCT_NAME = "$(TARGET_NAME)";
				SWIFT_EMIT_LOC_STRINGS = YES;
				SWIFT_VERSION = 5.0;
				TARGETED_DEVICE_FAMILY = "1,2";
			};
			name = Debug;
		};
		48B68F8E2848726A00D4FF22 /* Release */ = {
			isa = XCBuildConfiguration;
			buildSettings = {
				ASSETCATALOG_COMPILER_APPICON_NAME = AppIcon;
				ASSETCATALOG_COMPILER_GLOBAL_ACCENT_COLOR_NAME = AccentColor;
				CODE_SIGN_STYLE = Automatic;
				CURRENT_PROJECT_VERSION = 1;
				DEVELOPMENT_ASSET_PATHS = "\"ContinuedLearning/Preview Content\"";
				DEVELOPMENT_TEAM = P7YG254GA3;
				ENABLE_PREVIEWS = YES;
				GENERATE_INFOPLIST_FILE = YES;
				INFOPLIST_KEY_UIApplicationSceneManifest_Generation = YES;
				INFOPLIST_KEY_UIApplicationSupportsIndirectInputEvents = YES;
				INFOPLIST_KEY_UILaunchScreen_Generation = YES;
				INFOPLIST_KEY_UISupportedInterfaceOrientations_iPad = "UIInterfaceOrientationPortrait UIInterfaceOrientationPortraitUpsideDown UIInterfaceOrientationLandscapeLeft UIInterfaceOrientationLandscapeRight";
				INFOPLIST_KEY_UISupportedInterfaceOrientations_iPhone = "UIInterfaceOrientationPortrait UIInterfaceOrientationLandscapeLeft UIInterfaceOrientationLandscapeRight";
				LD_RUNPATH_SEARCH_PATHS = (
					"$(inherited)",
					"@executable_path/Frameworks",
				);
				MARKETING_VERSION = 1.0;
				PRODUCT_BUNDLE_IDENTIFIER = com.karma.ContinuedLearning;
				PRODUCT_NAME = "$(TARGET_NAME)";
				SWIFT_EMIT_LOC_STRINGS = YES;
				SWIFT_VERSION = 5.0;
				TARGETED_DEVICE_FAMILY = "1,2";
			};
			name = Release;
		};
/* End XCBuildConfiguration section */

/* Begin XCConfigurationList section */
		48B68F792848726700D4FF22 /* Build configuration list for PBXProject "ContinuedLearning" */ = {
			isa = XCConfigurationList;
			buildConfigurations = (
				48B68F8A2848726A00D4FF22 /* Debug */,
				48B68F8B2848726A00D4FF22 /* Release */,
			);
			defaultConfigurationIsVisible = 0;
			defaultConfigurationName = Release;
		};
		48B68F8C2848726A00D4FF22 /* Build configuration list for PBXNativeTarget "ContinuedLearning" */ = {
			isa = XCConfigurationList;
			buildConfigurations = (
				48B68F8D2848726A00D4FF22 /* Debug */,
				48B68F8E2848726A00D4FF22 /* Release */,
			);
			defaultConfigurationIsVisible = 0;
			defaultConfigurationName = Release;
		};
/* End XCConfigurationList section */

/* Begin XCVersionGroup section */
		480D0C162849FA72009A70CF /* CoreDataContainer.xcdatamodeld */ = {
			isa = XCVersionGroup;
			children = (
				480D0C172849FA72009A70CF /* CoreDataContainer.xcdatamodel */,
			);
			currentVersion = 480D0C172849FA72009A70CF /* CoreDataContainer.xcdatamodel */;
			path = CoreDataContainer.xcdatamodeld;
			sourceTree = "<group>";
			versionGroupType = wrapper.xcdatamodel;
		};
		48B4A5B82849ED0A0037FED6 /* FruitsContainer.xcdatamodeld */ = {
			isa = XCVersionGroup;
			children = (
				48B4A5B92849ED0A0037FED6 /* FruitsContainer.xcdatamodel */,
			);
			currentVersion = 48B4A5B92849ED0A0037FED6 /* FruitsContainer.xcdatamodel */;
			path = FruitsContainer.xcdatamodeld;
			sourceTree = "<group>";
			versionGroupType = wrapper.xcdatamodel;
		};
/* End XCVersionGroup section */
	};
	rootObject = 48B68F762848726700D4FF22 /* Project object */;
}
